<?xml version="1.0" encoding="UTF-8" standalone="yes" ?>
<CodeBlocks_project_file>
	<FileVersion major="1" minor="6" />
	<Project>
		<Option title="mos_glut" />
		<Option pch_mode="2" />
		<Option compiler="gcc" />
		<Build>
			<Target title="Debug">
				<Option output="bin\Debug\mos_glut" prefix_auto="1" extension_auto="1" />
				<Option working_dir="C:\MinGW\bin" />
				<Option object_output="obj\Debug\" />
				<Option type="1" />
				<Option compiler="gcc" />
				<Compiler>
					<Add option="-g" />
				</Compiler>
				<Linker>
					<Add library="..\..\..\..\..\..\MinGW\lib\glut32.lib" />
				</Linker>
			</Target>
			<Target title="Release">
				<Option output="bin\Release\mos_glut" prefix_auto="1" extension_auto="1" />
				<Option working_dir="C:\MinGW\bin" />
				<Option object_output="obj\Release\" />
				<Option type="0" />
				<Option compiler="gcc" />
				<Compiler>
					<Add option="-O2" />
				</Compiler>
				<Linker>
					<Add option="-s" />
				</Linker>
			</Target>
		</Build>
		<Compiler>
			<Add option="-Wall" />
			<Add directory="C:\MinGW\include" />
		</Compiler>
		<Linker>
			<Add library="glut32" />
			<Add library="opengl32" />
			<Add library="glu32" />
			<Add library="winmm" />
			<Add library="gdi32" />
			<Add directory="C:\MinGW\lib" />
		</Linker>
		<Unit filename="Matrix_3x3.h">
			<Option target="Release" />
		</Unit>
		<Unit filename="Physics.h">
			<Option target="&lt;{~None~}&gt;" />
		</Unit>
		<Unit filename="Vector3D.h">
			<Option target="&lt;{~None~}&gt;" />
		</Unit>
		<Unit filename="main.cpp" />
		<Extensions>
			<code_completion />
			<envvars />
			<debugger />
			<lib_finder disable_auto="1" />
		</Extensions>
	</Project>
</CodeBlocks_project_file>
